
Microsoft Visual Studio Solution File, Format Version 12.00
# Visual Studio Version 17
VisualStudioVersion = 17.14.36310.24 d17.14
MinimumVisualStudioVersion = 10.0.40219.1
Project("{FAE04EC0-301F-11D3-BF4B-00C04F79EFBC}") = "ACTIVITY4. Stock Price Tracker", "ACTIVITY4. Stock Price Tracker.csproj", "{5B6DE48A-E509-462E-ABEB-17EBA556D20B}"
EndProject
Global
	GlobalSection(SolutionConfigurationPlatforms) = preSolution
		Debug|Any CPU = Debug|Any CPU
		Release|Any CPU = Release|Any CPU
	EndGlobalSection
	GlobalSection(ProjectConfigurationPlatforms) = postSolution
		{5B6DE48A-E509-462E-ABEB-17EBA556D20B}.Debug|Any CPU.ActiveCfg = Debug|Any CPU
		{5B6DE48A-E509-462E-ABEB-17EBA556D20B}.Debug|Any CPU.Build.0 = Debug|Any CPU
		{5B6DE48A-E509-462E-ABEB-17EBA556D20B}.Release|Any CPU.ActiveCfg = Release|Any CPU
		{5B6DE48A-E509-462E-ABEB-17EBA556D20B}.Release|Any CPU.Build.0 = Release|Any CPU
	EndGlobalSection
	GlobalSection(SolutionProperties) = preSolution
		HideSolutionNode = FALSE
	EndGlobalSection
	GlobalSection(ExtensibilityGlobals) = postSolution
		SolutionGuid = {58055F14-DD57-43CD-8124-70DD5272F9DA}
	EndGlobalSection
EndGlobal
